
Microsoft Visual Studio Solution File, Format Version 12.00
# Visual Studio Version 17
VisualStudioVersion = 17.5.33516.290
MinimumVisualStudioVersion = 10.0.40219.1
Project("{9A19103F-16F7-4668-BE54-9A1E7A4F7556}") = "SteamWeb", "steam_web\SteamWeb.csproj", "{BFCF3301-40B0-4F8A-91C3-525029447EB5}"
EndProject
Project("{9A19103F-16F7-4668-BE54-9A1E7A4F7556}") = "ExampleSteamGuardEmail", "ExampleSteamGuardEmail\ExampleSteamGuardEmail.csproj", "{9E996840-8B88-462A-9912-1F3C89273508}"
EndProject
Project("{9A19103F-16F7-4668-BE54-9A1E7A4F7556}") = "ExampleSteamGuardAutoSingIn", "ExampleSteamGuardAutoSingIn\ExampleSteamGuardAutoSingIn.csproj", "{9903DA79-9317-4855-B9C0-DA55AB11DE45}"
EndProject
Global
	GlobalSection(SolutionConfigurationPlatforms) = preSolution
		Debug|Any CPU = Debug|Any CPU
		DebugFactory|Any CPU = DebugFactory|Any CPU
		Release|Any CPU = Release|Any CPU
		ReleaseFactory|Any CPU = ReleaseFactory|Any CPU
	EndGlobalSection
	GlobalSection(ProjectConfigurationPlatforms) = postSolution
		{BFCF3301-40B0-4F8A-91C3-525029447EB5}.Debug|Any CPU.ActiveCfg = Debug|Any CPU
		{BFCF3301-40B0-4F8A-91C3-525029447EB5}.Debug|Any CPU.Build.0 = Debug|Any CPU
		{BFCF3301-40B0-4F8A-91C3-525029447EB5}.DebugFactory|Any CPU.ActiveCfg = DebugFactory|Any CPU
		{BFCF3301-40B0-4F8A-91C3-525029447EB5}.DebugFactory|Any CPU.Build.0 = DebugFactory|Any CPU
		{BFCF3301-40B0-4F8A-91C3-525029447EB5}.Release|Any CPU.ActiveCfg = Release|Any CPU
		{BFCF3301-40B0-4F8A-91C3-525029447EB5}.Release|Any CPU.Build.0 = Release|Any CPU
		{BFCF3301-40B0-4F8A-91C3-525029447EB5}.ReleaseFactory|Any CPU.ActiveCfg = ReleaseFactory|Any CPU
		{BFCF3301-40B0-4F8A-91C3-525029447EB5}.ReleaseFactory|Any CPU.Build.0 = ReleaseFactory|Any CPU
		{9E996840-8B88-462A-9912-1F3C89273508}.Debug|Any CPU.ActiveCfg = Debug|Any CPU
		{9E996840-8B88-462A-9912-1F3C89273508}.Debug|Any CPU.Build.0 = Debug|Any CPU
		{9E996840-8B88-462A-9912-1F3C89273508}.DebugFactory|Any CPU.ActiveCfg = Debug|Any CPU
		{9E996840-8B88-462A-9912-1F3C89273508}.DebugFactory|Any CPU.Build.0 = Debug|Any CPU
		{9E996840-8B88-462A-9912-1F3C89273508}.Release|Any CPU.ActiveCfg = Release|Any CPU
		{9E996840-8B88-462A-9912-1F3C89273508}.Release|Any CPU.Build.0 = Release|Any CPU
		{9E996840-8B88-462A-9912-1F3C89273508}.ReleaseFactory|Any CPU.ActiveCfg = Release|Any CPU
		{9E996840-8B88-462A-9912-1F3C89273508}.ReleaseFactory|Any CPU.Build.0 = Release|Any CPU
		{9903DA79-9317-4855-B9C0-DA55AB11DE45}.Debug|Any CPU.ActiveCfg = Debug|Any CPU
		{9903DA79-9317-4855-B9C0-DA55AB11DE45}.Debug|Any CPU.Build.0 = Debug|Any CPU
		{9903DA79-9317-4855-B9C0-DA55AB11DE45}.DebugFactory|Any CPU.ActiveCfg = Debug|Any CPU
		{9903DA79-9317-4855-B9C0-DA55AB11DE45}.DebugFactory|Any CPU.Build.0 = Debug|Any CPU
		{9903DA79-9317-4855-B9C0-DA55AB11DE45}.Release|Any CPU.ActiveCfg = Release|Any CPU
		{9903DA79-9317-4855-B9C0-DA55AB11DE45}.Release|Any CPU.Build.0 = Release|Any CPU
		{9903DA79-9317-4855-B9C0-DA55AB11DE45}.ReleaseFactory|Any CPU.ActiveCfg = Release|Any CPU
		{9903DA79-9317-4855-B9C0-DA55AB11DE45}.ReleaseFactory|Any CPU.Build.0 = Release|Any CPU
	EndGlobalSection
	GlobalSection(SolutionProperties) = preSolution
		HideSolutionNode = FALSE
	EndGlobalSection
	GlobalSection(ExtensibilityGlobals) = postSolution
		SolutionGuid = {688C781E-CAAC-424A-ACBC-918A362C03A8}
	EndGlobalSection
EndGlobal
